
Microsoft Visual Studio Solution File, Format Version 12.00
# Visual Studio Version 16
VisualStudioVersion = 16.0.30413.136
MinimumVisualStudioVersion = 10.0.40219.1
Project("{8BC9CEB8-8B4A-11D0-8D11-00A0C91BC942}") = "Beispiel01", "B06_Strukturen\B06_Strukturen.vcxproj", "{D01A5D35-1580-4DE7-95CB-E4779A2499FA}"
EndProject
Project("{8BC9CEB8-8B4A-11D0-8D11-00A0C91BC942}") = "Beispiel02", "Beispiel2\Beispiel2.vcxproj", "{5FA0FF68-BFBA-4179-A4BD-EA14E555D370}"
EndProject
Global
	GlobalSection(SolutionConfigurationPlatforms) = preSolution
		Debug|x64 = Debug|x64
		Debug|x86 = Debug|x86
		Release|x64 = Release|x64
		Release|x86 = Release|x86
	EndGlobalSection
	GlobalSection(ProjectConfigurationPlatforms) = postSolution
		{D01A5D35-1580-4DE7-95CB-E4779A2499FA}.Debug|x64.ActiveCfg = Debug|x64
		{D01A5D35-1580-4DE7-95CB-E4779A2499FA}.Debug|x64.Build.0 = Debug|x64
		{D01A5D35-1580-4DE7-95CB-E4779A2499FA}.Debug|x86.ActiveCfg = Debug|Win32
		{D01A5D35-1580-4DE7-95CB-E4779A2499FA}.Debug|x86.Build.0 = Debug|Win32
		{D01A5D35-1580-4DE7-95CB-E4779A2499FA}.Release|x64.ActiveCfg = Release|x64
		{D01A5D35-1580-4DE7-95CB-E4779A2499FA}.Release|x64.Build.0 = Release|x64
		{D01A5D35-1580-4DE7-95CB-E4779A2499FA}.Release|x86.ActiveCfg = Release|Win32
		{D01A5D35-1580-4DE7-95CB-E4779A2499FA}.Release|x86.Build.0 = Release|Win32
		{5FA0FF68-BFBA-4179-A4BD-EA14E555D370}.Debug|x64.ActiveCfg = Debug|x64
		{5FA0FF68-BFBA-4179-A4BD-EA14E555D370}.Debug|x64.Build.0 = Debug|x64
		{5FA0FF68-BFBA-4179-A4BD-EA14E555D370}.Debug|x86.ActiveCfg = Debug|Win32
		{5FA0FF68-BFBA-4179-A4BD-EA14E555D370}.Debug|x86.Build.0 = Debug|Win32
		{5FA0FF68-BFBA-4179-A4BD-EA14E555D370}.Release|x64.ActiveCfg = Release|x64
		{5FA0FF68-BFBA-4179-A4BD-EA14E555D370}.Release|x64.Build.0 = Release|x64
		{5FA0FF68-BFBA-4179-A4BD-EA14E555D370}.Release|x86.ActiveCfg = Release|Win32
		{5FA0FF68-BFBA-4179-A4BD-EA14E555D370}.Release|x86.Build.0 = Release|Win32
	EndGlobalSection
	GlobalSection(SolutionProperties) = preSolution
		HideSolutionNode = FALSE
	EndGlobalSection
	GlobalSection(ExtensibilityGlobals) = postSolution
		SolutionGuid = {95DA228F-C840-459D-9931-3880176EB406}
	EndGlobalSection
EndGlobal
